// !$*UTF8*$!
{
	archiveVersion = 1;
	classes = {
	};
	objectVersion = 56;
	objects = {

/* Begin PBXBuildFile section */
		4D53D7412B31A3980042BF59 /* MOODApp.swift in Sources */ = {isa = PBXBuildFile; fileRef = 4D53D7402B31A3980042BF59 /* MOODApp.swift */; };
		4D53D7432B31A3980042BF59 /* ContentView.swift in Sources */ = {isa = PBXBuildFile; fileRef = 4D53D7422B31A3980042BF59 /* ContentView.swift */; };
		4D53D7452B31A39A0042BF59 /* Assets.xcassets in Resources */ = {isa = PBXBuildFile; fileRef = 4D53D7442B31A39A0042BF59 /* Assets.xcassets */; };
		4D53D7482B31A39A0042BF59 /* Preview Assets.xcassets in Resources */ = {isa = PBXBuildFile; fileRef = 4D53D7472B31A39A0042BF59 /* Preview Assets.xcassets */; };
		4D53D7522B31A39A0042BF59 /* MOODTests.swift in Sources */ = {isa = PBXBuildFile; fileRef = 4D53D7512B31A39A0042BF59 /* MOODTests.swift */; };
		4D53D75C2B31A39A0042BF59 /* MOODUITests.swift in Sources */ = {isa = PBXBuildFile; fileRef = 4D53D75B2B31A39A0042BF59 /* MOODUITests.swift */; };
		4D53D75E2B31A39A0042BF59 /* MOODUITestsLaunchTests.swift in Sources */ = {isa = PBXBuildFile; fileRef = 4D53D75D2B31A39A0042BF59 /* MOODUITestsLaunchTests.swift */; };
		4D53D76D2B31B3E60042BF59 /* SwiftUIView.swift in Sources */ = {isa = PBXBuildFile; fileRef = 4D53D76C2B31B3E60042BF59 /* SwiftUIView.swift */; };
		4D53D7772B455E780042BF59 /* PageView.swift in Sources */ = {isa = PBXBuildFile; fileRef = 4D53D7762B455E780042BF59 /* PageView.swift */; };
		4D62F7EB2B48180800E49F41 /* EndView.swift in Sources */ = {isa = PBXBuildFile; fileRef = 4D62F7EA2B48180800E49F41 /* EndView.swift */; };
		4D9E26482B46B25F007712AF /* WelcomeView.swift in Sources */ = {isa = PBXBuildFile; fileRef = 4D9E26472B46B25F007712AF /* WelcomeView.swift */; };
/* End PBXBuildFile section */

/* Begin PBXContainerItemProxy section */
		4D53D74E2B31A39A0042BF59 /* PBXContainerItemProxy */ = {
			isa = PBXContainerItemProxy;
			containerPortal = 4D53D7352B31A3980042BF59 /* Project object */;
			proxyType = 1;
			remoteGlobalIDString = 4D53D73C2B31A3980042BF59;
			remoteInfo = MOOD;
		};
		4D53D7582B31A39A0042BF59 /* PBXContainerItemProxy */ = {
			isa = PBXContainerItemProxy;
			containerPortal = 4D53D7352B31A3980042BF59 /* Project object */;
			proxyType = 1;
			remoteGlobalIDString = 4D53D73C2B31A3980042BF59;
			remoteInfo = MOOD;
		};
/* End PBXContainerItemProxy section */

/* Begin PBXFileReference section */
		4D53D73D2B31A3980042BF59 /* MOOD.app */ = {isa = PBXFileReference; explicitFileType = wrapper.application; includeInIndex = 0; path = MOOD.app; sourceTree = BUILT_PRODUCTS_DIR; };
		4D53D7402B31A3980042BF59 /* MOODApp.swift */ = {isa = PBXFileReference; lastKnownFileType = sourcecode.swift; path = MOODApp.swift; sourceTree = "<group>"; };
		4D53D7422B31A3980042BF59 /* ContentView.swift */ = {isa = PBXFileReference; lastKnownFileType = sourcecode.swift; path = ContentView.swift; sourceTree = "<group>"; };
		4D53D7442B31A39A0042BF59 /* Assets.xcassets */ = {isa = PBXFileReference; lastKnownFileType = folder.assetcatalog; path = Assets.xcassets; sourceTree = "<group>"; };
		4D53D7472B31A39A0042BF59 /* Preview Assets.xcassets */ = {isa = PBXFileReference; lastKnownFileType = folder.assetcatalog; path = "Preview Assets.xcassets"; sourceTree = "<group>"; };
		4D53D74D2B31A39A0042BF59 /* MOODTests.xctest */ = {isa = PBXFileReference; explicitFileType = wrapper.cfbundle; includeInIndex = 0; path = MOODTests.xctest; sourceTree = BUILT_PRODUCTS_DIR; };
		4D53D7512B31A39A0042BF59 /* MOODTests.swift */ = {isa = PBXFileReference; lastKnownFileType = sourcecode.swift; path = MOODTests.swift; sourceTree = "<group>"; };
		4D53D7572B31A39A0042BF59 /* MOODUITests.xctest */ = {isa = PBXFileReference; explicitFileType = wrapper.cfbundle; includeInIndex = 0; path = MOODUITests.xctest; sourceTree = BUILT_PRODUCTS_DIR; };
		4D53D75B2B31A39A0042BF59 /* MOODUITests.swift */ = {isa = PBXFileReference; lastKnownFileType = sourcecode.swift; path = MOODUITests.swift; sourceTree = "<group>"; };
		4D53D75D2B31A39A0042BF59 /* MOODUITestsLaunchTests.swift */ = {isa = PBXFileReference; lastKnownFileType = sourcecode.swift; path = MOODUITestsLaunchTests.swift; sourceTree = "<group>"; };
		4D53D76C2B31B3E60042BF59 /* SwiftUIView.swift */ = {isa = PBXFileReference; lastKnownFileType = sourcecode.swift; path = SwiftUIView.swift; sourceTree = "<group>"; };
		4D53D7762B455E780042BF59 /* PageView.swift */ = {isa = PBXFileReference; lastKnownFileType = sourcecode.swift; path = PageView.swift; sourceTree = "<group>"; };
		4D62F7EA2B48180800E49F41 /* EndView.swift */ = {isa = PBXFileReference; lastKnownFileType = sourcecode.swift; path = EndView.swift; sourceTree = "<group>"; };
		4D9E26472B46B25F007712AF /* WelcomeView.swift */ = {isa = PBXFileReference; lastKnownFileType = sourcecode.swift; path = WelcomeView.swift; sourceTree = "<group>"; };
/* End PBXFileReference section */

/* Begin PBXFrameworksBuildPhase section */
		4D53D73A2B31A3980042BF59 /* Frameworks */ = {
			isa = PBXFrameworksBuildPhase;
			buildActionMask = 2147483647;
			files = (
			);
			runOnlyForDeploymentPostprocessing = 0;
		};
		4D53D74A2B31A39A0042BF59 /* Frameworks */ = {
			isa = PBXFrameworksBuildPhase;
			buildActionMask = 2147483647;
			files = (
			);
			runOnlyForDeploymentPostprocessing = 0;
		};
		4D53D7542B31A39A0042BF59 /* Frameworks */ = {
			isa = PBXFrameworksBuildPhase;
			buildActionMask = 2147483647;
			files = (
			);
			runOnlyForDeploymentPostprocessing = 0;
		};
/* End PBXFrameworksBuildPhase section */

/* Begin PBXGroup section */
		4D53D7342B31A3970042BF59 = {
			isa = PBXGroup;
			children = (
				4D53D73F2B31A3980042BF59 /* MOOD */,
				4D53D7502B31A39A0042BF59 /* MOODTests */,
				4D53D75A2B31A39A0042BF59 /* MOODUITests */,
				4D53D73E2B31A3980042BF59 /* Products */,
			);
			sourceTree = "<group>";
		};
		4D53D73E2B31A3980042BF59 /* Products */ = {
			isa = PBXGroup;
			children = (
				4D53D73D2B31A3980042BF59 /* MOOD.app */,
				4D53D74D2B31A39A0042BF59 /* MOODTests.xctest */,
				4D53D7572B31A39A0042BF59 /* MOODUITests.xctest */,
			);
			name = Products;
			sourceTree = "<group>";
		};
		4D53D73F2B31A3980042BF59 /* MOOD */ = {
			isa = PBXGroup;
			children = (
				4D53D7402B31A3980042BF59 /* MOODApp.swift */,
				4D53D7422B31A3980042BF59 /* ContentView.swift */,
				4D53D76C2B31B3E60042BF59 /* SwiftUIView.swift */,
				4D53D7762B455E780042BF59 /* PageView.swift */,
				4D9E26472B46B25F007712AF /* WelcomeView.swift */,
				4D53D7442B31A39A0042BF59 /* Assets.xcassets */,
				4D53D7462B31A39A0042BF59 /* Preview Content */,
				4D62F7EA2B48180800E49F41 /* EndView.swift */,
			);
			path = MOOD;
			sourceTree = "<group>";
		};
		4D53D7462B31A39A0042BF59 /* Preview Content */ = {
			isa = PBXGroup;
			children = (
				4D53D7472B31A39A0042BF59 /* Preview Assets.xcassets */,
			);
			path = "Preview Content";
			sourceTree = "<group>";
		};
		4D53D7502B31A39A0042BF59 /* MOODTests */ = {
			isa = PBXGroup;
			children = (
				4D53D7512B31A39A0042BF59 /* MOODTests.swift */,
			);
			path = MOODTests;
			sourceTree = "<group>";
		};
		4D53D75A2B31A39A0042BF59 /* MOODUITests */ = {
			isa = PBXGroup;
			children = (
				4D53D75B2B31A39A0042BF59 /* MOODUITests.swift */,
				4D53D75D2B31A39A0042BF59 /* MOODUITestsLaunchTests.swift */,
			);
			path = MOODUITests;
			sourceTree = "<group>";
		};
/* End PBXGroup section */

/* Begin PBXNativeTarget section */
		4D53D73C2B31A3980042BF59 /* MOOD */ = {
			isa = PBXNativeTarget;
			buildConfigurationList = 4D53D7612B31A39A0042BF59 /* Build configuration list for PBXNativeTarget "MOOD" */;
			buildPhases = (
				4D53D7392B31A3980042BF59 /* Sources */,
				4D53D73A2B31A3980042BF59 /* Frameworks */,
				4D53D73B2B31A3980042BF59 /* Resources */,
			);
			buildRules = (
			);
			dependencies = (
			);
			name = MOOD;
			productName = MOOD;
			productReference = 4D53D73D2B31A3980042BF59 /* MOOD.app */;
			productType = "com.apple.product-type.application";
		};
		4D53D74C2B31A39A0042BF59 /* MOODTests */ = {
			isa = PBXNativeTarget;
			buildConfigurationList = 4D53D7642B31A39A0042BF59 /* Build configuration list for PBXNativeTarget "MOODTests" */;
			buildPhases = (
				4D53D7492B31A39A0042BF59 /* Sources */,
				4D53D74A2B31A39A0042BF59 /* Frameworks */,
				4D53D74B2B31A39A0042BF59 /* Resources */,
			);
			buildRules = (
			);
			dependencies = (
				4D53D74F2B31A39A0042BF59 /* PBXTargetDependency */,
			);
			name = MOODTests;
			productName = MOODTests;
			productReference = 4D53D74D2B31A39A0042BF59 /* MOODTests.xctest */;
			productType = "com.apple.product-type.bundle.unit-test";
		};
		4D53D7562B31A39A0042BF59 /* MOODUITests */ = {
			isa = PBXNativeTarget;
			buildConfigurationList = 4D53D7672B31A39A0042BF59 /* Build configuration list for PBXNativeTarget "MOODUITests" */;
			buildPhases = (
				4D53D7532B31A39A0042BF59 /* Sources */,
				4D53D7542B31A39A0042BF59 /* Frameworks */,
				4D53D7552B31A39A0042BF59 /* Resources */,
			);
			buildRules = (
			);
			dependencies = (
				4D53D7592B31A39A0042BF59 /* PBXTargetDependency */,
			);
			name = MOODUITests;
			productName = MOODUITests;
			productReference = 4D53D7572B31A39A0042BF59 /* MOODUITests.xctest */;
			productType = "com.apple.product-type.bundle.ui-testing";
		};
/* End PBXNativeTarget section */

/* Begin PBXProject section */
		4D53D7352B31A3980042BF59 /* Project object */ = {
			isa = PBXProject;
			attributes = {
				BuildIndependentTargetsInParallel = 1;
				LastSwiftUpdateCheck = 1510;
				LastUpgradeCheck = 1510;
				TargetAttributes = {
					4D53D73C2B31A3980042BF59 = {
						CreatedOnToolsVersion = 15.1;
					};
					4D53D74C2B31A39A0042BF59 = {
						CreatedOnToolsVersion = 15.1;
						TestTargetID = 4D53D73C2B31A3980042BF59;
					};
					4D53D7562B31A39A0042BF59 = {
						CreatedOnToolsVersion = 15.1;
						TestTargetID = 4D53D73C2B31A3980042BF59;
					};
				};
			};
			buildConfigurationList = 4D53D7382B31A3980042BF59 /* Build configuration list for PBXProject "MOOD" */;
			compatibilityVersion = "Xcode 14.0";
			developmentRegion = en;
			hasScannedForEncodings = 0;
			knownRegions = (
				en,
				Base,
			);
			mainGroup = 4D53D7342B31A3970042BF59;
			productRefGroup = 4D53D73E2B31A3980042BF59 /* Products */;
			projectDirPath = "";
			projectRoot = "";
			targets = (
				4D53D73C2B31A3980042BF59 /* MOOD */,
				4D53D74C2B31A39A0042BF59 /* MOODTests */,
				4D53D7562B31A39A0042BF59 /* MOODUITests */,
			);
		};
/* End PBXProject section */

/* Begin PBXResourcesBuildPhase section */
		4D53D73B2B31A3980042BF59 /* Resources */ = {
			isa = PBXResourcesBuildPhase;
			buildActionMask = 2147483647;
			files = (
				4D53D7482B31A39A0042BF59 /* Preview Assets.xcassets in Resources */,
				4D53D7452B31A39A0042BF59 /* Assets.xcassets in Resources */,
			);
			runOnlyForDeploymentPostprocessing = 0;
		};
		4D53D74B2B31A39A0042BF59 /* Resources */ = {
			isa = PBXResourcesBuildPhase;
			buildActionMask = 2147483647;
			files = (
			);
			runOnlyForDeploymentPostprocessing = 0;
		};
		4D53D7552B31A39A0042BF59 /* Resources */ = {
			isa = PBXResourcesBuildPhase;
			buildActionMask = 2147483647;
			files = (
			);
			runOnlyForDeploymentPostprocessing = 0;
		};
/* End PBXResourcesBuildPhase section */

/* Begin PBXSourcesBuildPhase section */
		4D53D7392B31A3980042BF59 /* Sources */ = {
			isa = PBXSourcesBuildPhase;
			buildActionMask = 2147483647;
			files = (
				4D62F7EB2B48180800E49F41 /* EndView.swift in Sources */,
				4D9E26482B46B25F007712AF /* WelcomeView.swift in Sources */,
				4D53D7432B31A3980042BF59 /* ContentView.swift in Sources */,
				4D53D7772B455E780042BF59 /* PageView.swift in Sources */,
				4D53D7412B31A3980042BF59 /* MOODApp.swift in Sources */,
				4D53D76D2B31B3E60042BF59 /* SwiftUIView.swift in Sources */,
			);
			runOnlyForDeploymentPostprocessing = 0;
		};
		4D53D7492B31A39A0042BF59 /* Sources */ = {
			isa = PBXSourcesBuildPhase;
			buildActionMask = 2147483647;
			files = (
				4D53D7522B31A39A0042BF59 /* MOODTests.swift in Sources */,
			);
			runOnlyForDeploymentPostprocessing = 0;
		};
		4D53D7532B31A39A0042BF59 /* Sources */ = {
			isa = PBXSourcesBuildPhase;
			buildActionMask = 2147483647;
			files = (
				4D53D75C2B31A39A0042BF59 /* MOODUITests.swift in Sources */,
				4D53D75E2B31A39A0042BF59 /* MOODUITestsLaunchTests.swift in Sources */,
			);
			runOnlyForDeploymentPostprocessing = 0;
		};
/* End PBXSourcesBuildPhase section */

/* Begin PBXTargetDependency section */
		4D53D74F2B31A39A0042BF59 /* PBXTargetDependency */ = {
			isa = PBXTargetDependency;
			target = 4D53D73C2B31A3980042BF59 /* MOOD */;
			targetProxy = 4D53D74E2B31A39A0042BF59 /* PBXContainerItemProxy */;
		};
		4D53D7592B31A39A0042BF59 /* PBXTargetDependency */ = {
			isa = PBXTargetDependency;
			target = 4D53D73C2B31A3980042BF59 /* MOOD */;
			targetProxy = 4D53D7582B31A39A0042BF59 /* PBXContainerItemProxy */;
		};
/* End PBXTargetDependency section */

/* Begin XCBuildConfiguration section */
		4D53D75F2B31A39A0042BF59 /* Debug */ = {
			isa = XCBuildConfiguration;
			buildSettings = {
				ALWAYS_SEARCH_USER_PATHS = NO;
				ASSETCATALOG_COMPILER_GENERATE_SWIFT_ASSET_SYMBOL_EXTENSIONS = YES;
				CLANG_ANALYZER_NONNULL = YES;
				CLANG_ANALYZER_NUMBER_OBJECT_CONVERSION = YES_AGGRESSIVE;
				CLANG_CXX_LANGUAGE_STANDARD = "gnu++20";
				CLANG_ENABLE_MODULES = YES;
				CLANG_ENABLE_OBJC_ARC = YES;
				CLANG_ENABLE_OBJC_WEAK = YES;
				CLANG_WARN_BLOCK_CAPTURE_AUTORELEASING = YES;
				CLANG_WARN_BOOL_CONVERSION = YES;
				CLANG_WARN_COMMA = YES;
				CLANG_WARN_CONSTANT_CONVERSION = YES;
				CLANG_WARN_DEPRECATED_OBJC_IMPLEMENTATIONS = YES;
				CLANG_WARN_DIRECT_OBJC_ISA_USAGE = YES_ERROR;
				CLANG_WARN_DOCUMENTATION_COMMENTS = YES;
				CLANG_WARN_EMPTY_BODY = YES;
				CLANG_WARN_ENUM_CONVERSION = YES;
				CLANG_WARN_INFINITE_RECURSION = YES;
				CLANG_WARN_INT_CONVERSION = YES;
				CLANG_WARN_NON_LITERAL_NULL_CONVERSION = YES;
				CLANG_WARN_OBJC_IMPLICIT_RETAIN_SELF = YES;
				CLANG_WARN_OBJC_LITERAL_CONVERSION = YES;
				CLANG_WARN_OBJC_ROOT_CLASS = YES_ERROR;
				CLANG_WARN_QUOTED_INCLUDE_IN_FRAMEWORK_HEADER = YES;
				CLANG_WARN_RANGE_LOOP_ANALYSIS = YES;
				CLANG_WARN_STRICT_PROTOTYPES = YES;
				CLANG_WARN_SUSPICIOUS_MOVE = YES;
				CLANG_WARN_UNGUARDED_AVAILABILITY = YES_AGGRESSIVE;
				CLANG_WARN_UNREACHABLE_CODE = YES;
				CLANG_WARN__DUPLICATE_METHOD_MATCH = YES;
				COPY_PHASE_STRIP = NO;
				DEBUG_INFORMATION_FORMAT = dwarf;
				ENABLE_STRICT_OBJC_MSGSEND = YES;
				ENABLE_TESTABILITY = YES;
				ENABLE_USER_SCRIPT_SANDBOXING = YES;
				GCC_C_LANGUAGE_STANDARD = gnu17;
				GCC_DYNAMIC_NO_PIC = NO;
				GCC_NO_COMMON_BLOCKS = YES;
				GCC_OPTIMIZATION_LEVEL = 0;
				GCC_PREPROCESSOR_DEFINITIONS = (
					"DEBUG=1",
					"$(inherited)",
				);
				GCC_WARN_64_TO_32_BIT_CONVERSION = YES;
				GCC_WARN_ABOUT_RETURN_TYPE = YES_ERROR;
				GCC_WARN_UNDECLARED_SELECTOR = YES;
				GCC_WARN_UNINITIALIZED_AUTOS = YES_AGGRESSIVE;
				GCC_WARN_UNUSED_FUNCTION = YES;
				GCC_WARN_UNUSED_VARIABLE = YES;
				IPHONEOS_DEPLOYMENT_TARGET = 17.2;
				LOCALIZATION_PREFERS_STRING_CATALOGS = YES;
				MTL_ENABLE_DEBUG_INFO = INCLUDE_SOURCE;
				MTL_FAST_MATH = YES;
				ONLY_ACTIVE_ARCH = YES;
				SDKROOT = iphoneos;
				SWIFT_ACTIVE_COMPILATION_CONDITIONS = "DEBUG $(inherited)";
				SWIFT_OPTIMIZATION_LEVEL = "-Onone";
			};
			name = Debug;
		};
		4D53D7602B31A39A0042BF59 /* Release */ = {
			isa = XCBuildConfiguration;
			buildSettings = {
				ALWAYS_SEARCH_USER_PATHS = NO;
				ASSETCATALOG_COMPILER_GENERATE_SWIFT_ASSET_SYMBOL_EXTENSIONS = YES;
				CLANG_ANALYZER_NONNULL = YES;
				CLANG_ANALYZER_NUMBER_OBJECT_CONVERSION = YES_AGGRESSIVE;
				CLANG_CXX_LANGUAGE_STANDARD = "gnu++20";
				CLANG_ENABLE_MODULES = YES;
				CLANG_ENABLE_OBJC_ARC = YES;
				CLANG_ENABLE_OBJC_WEAK = YES;
				CLANG_WARN_BLOCK_CAPTURE_AUTORELEASING = YES;
				CLANG_WARN_BOOL_CONVERSION = YES;
				CLANG_WARN_COMMA = YES;
				CLANG_WARN_CONSTANT_CONVERSION = YES;
				CLANG_WARN_DEPRECATED_OBJC_IMPLEMENTATIONS = YES;
				CLANG_WARN_DIRECT_OBJC_ISA_USAGE = YES_ERROR;
				CLANG_WARN_DOCUMENTATION_COMMENTS = YES;
				CLANG_WARN_EMPTY_BODY = YES;
				CLANG_WARN_ENUM_CONVERSION = YES;
				CLANG_WARN_INFINITE_RECURSION = YES;
				CLANG_WARN_INT_CONVERSION = YES;
				CLANG_WARN_NON_LITERAL_NULL_CONVERSION = YES;
				CLANG_WARN_OBJC_IMPLICIT_RETAIN_SELF = YES;
				CLANG_WARN_OBJC_LITERAL_CONVERSION = YES;
				CLANG_WARN_OBJC_ROOT_CLASS = YES_ERROR;
				CLANG_WARN_QUOTED_INCLUDE_IN_FRAMEWORK_HEADER = YES;
				CLANG_WARN_RANGE_LOOP_ANALYSIS = YES;
				CLANG_WARN_STRICT_PROTOTYPES = YES;
				CLANG_WARN_SUSPICIOUS_MOVE = YES;
				CLANG_WARN_UNGUARDED_AVAILABILITY = YES_AGGRESSIVE;
				CLANG_WARN_UNREACHABLE_CODE = YES;
				CLANG_WARN__DUPLICATE_METHOD_MATCH = YES;
				COPY_PHASE_STRIP = NO;
				DEBUG_INFORMATION_FORMAT = "dwarf-with-dsym";
				ENABLE_NS_ASSERTIONS = NO;
				ENABLE_STRICT_OBJC_MSGSEND = YES;
				ENABLE_USER_SCRIPT_SANDBOXING = YES;
				GCC_C_LANGUAGE_STANDARD = gnu17;
				GCC_NO_COMMON_BLOCKS = YES;
				GCC_WARN_64_TO_32_BIT_CONVERSION = YES;
				GCC_WARN_ABOUT_RETURN_TYPE = YES_ERROR;
				GCC_WARN_UNDECLARED_SELECTOR = YES;
				GCC_WARN_UNINITIALIZED_AUTOS = YES_AGGRESSIVE;
				GCC_WARN_UNUSED_FUNCTION = YES;
				GCC_WARN_UNUSED_VARIABLE = YES;
				IPHONEOS_DEPLOYMENT_TARGET = 17.2;
				LOCALIZATION_PREFERS_STRING_CATALOGS = YES;
				MTL_ENABLE_DEBUG_INFO = NO;
				MTL_FAST_MATH = YES;
				SDKROOT = iphoneos;
				SWIFT_COMPILATION_MODE = wholemodule;
				VALIDATE_PRODUCT = YES;
			};
			name = Release;
		};
		4D53D7622B31A39A0042BF59 /* Debug */ = {
			isa = XCBuildConfiguration;
			buildSettings = {
				ASSETCATALOG_COMPILER_APPICON_NAME = AppIcon;
				ASSETCATALOG_COMPILER_GLOBAL_ACCENT_COLOR_NAME = AccentColor;
				CODE_SIGN_STYLE = Automatic;
				CURRENT_PROJECT_VERSION = 1;
				DEVELOPMENT_ASSET_PATHS = "\"MOOD/Preview Content\"";
				DEVELOPMENT_TEAM = FT4597UD83;
				ENABLE_PREVIEWS = YES;
				GENERATE_INFOPLIST_FILE = YES;
				INFOPLIST_KEY_UIApplicationSceneManifest_Generation = YES;
				INFOPLIST_KEY_UIApplicationSupportsIndirectInputEvents = YES;
				INFOPLIST_KEY_UILaunchScreen_Generation = YES;
				INFOPLIST_KEY_UISupportedInterfaceOrientations_iPad = "UIInterfaceOrientationPortrait UIInterfaceOrientationPortraitUpsideDown UIInterfaceOrientationLandscapeLeft UIInterfaceOrientationLandscapeRight";
				INFOPLIST_KEY_UISupportedInterfaceOrientations_iPhone = "UIInterfaceOrientationPortrait UIInterfaceOrientationLandscapeLeft UIInterfaceOrientationLandscapeRight";
				LD_RUNPATH_SEARCH_PATHS = (
					"$(inherited)",
					"@executable_path/Frameworks",
				);
				MARKETING_VERSION = 1.0;
				PRODUCT_BUNDLE_IDENTIFIER = fr.theyannemmanuel.MOOD;
				PRODUCT_NAME = "$(TARGET_NAME)";
				SWIFT_EMIT_LOC_STRINGS = YES;
				SWIFT_VERSION = 5.0;
				TARGETED_DEVICE_FAMILY = "1,2";
			};
			name = Debug;
		};
		4D53D7632B31A39A0042BF59 /* Release */ = {
			isa = XCBuildConfiguration;
			buildSettings = {
				ASSETCATALOG_COMPILER_APPICON_NAME = AppIcon;
				ASSETCATALOG_COMPILER_GLOBAL_ACCENT_COLOR_NAME = AccentColor;
				CODE_SIGN_STYLE = Automatic;
				CURRENT_PROJECT_VERSION = 1;
				DEVELOPMENT_ASSET_PATHS = "\"MOOD/Preview Content\"";
				DEVELOPMENT_TEAM = FT4597UD83;
				ENABLE_PREVIEWS = YES;
				GENERATE_INFOPLIST_FILE = YES;
				INFOPLIST_KEY_UIApplicationSceneManifest_Generation = YES;
				INFOPLIST_KEY_UIApplicationSupportsIndirectInputEvents = YES;
				INFOPLIST_KEY_UILaunchScreen_Generation = YES;
				INFOPLIST_KEY_UISupportedInterfaceOrientations_iPad = "UIInterfaceOrientationPortrait UIInterfaceOrientationPortraitUpsideDown UIInterfaceOrientationLandscapeLeft UIInterfaceOrientationLandscapeRight";
				INFOPLIST_KEY_UISupportedInterfaceOrientations_iPhone = "UIInterfaceOrientationPortrait UIInterfaceOrientationLandscapeLeft UIInterfaceOrientationLandscapeRight";
				LD_RUNPATH_SEARCH_PATHS = (
					"$(inherited)",
					"@executable_path/Frameworks",
				);
				MARKETING_VERSION = 1.0;
				PRODUCT_BUNDLE_IDENTIFIER = fr.theyannemmanuel.MOOD;
				PRODUCT_NAME = "$(TARGET_NAME)";
				SWIFT_EMIT_LOC_STRINGS = YES;
				SWIFT_VERSION = 5.0;
				TARGETED_DEVICE_FAMILY = "1,2";
			};
			name = Release;
		};
		4D53D7652B31A39A0042BF59 /* Debug */ = {
			isa = XCBuildConfiguration;
			buildSettings = {
				ALWAYS_EMBED_SWIFT_STANDARD_LIBRARIES = YES;
				BUNDLE_LOADER = "$(TEST_HOST)";
				CODE_SIGN_STYLE = Automatic;
				CURRENT_PROJECT_VERSION = 1;
				GENERATE_INFOPLIST_FILE = YES;
				IPHONEOS_DEPLOYMENT_TARGET = 17.2;
				MARKETING_VERSION = 1.0;
				PRODUCT_BUNDLE_IDENTIFIER = fr.theyannemmanuel.MOODTests;
				PRODUCT_NAME = "$(TARGET_NAME)";
				SWIFT_EMIT_LOC_STRINGS = NO;
				SWIFT_VERSION = 5.0;
				TARGETED_DEVICE_FAMILY = "1,2";
				TEST_HOST = "$(BUILT_PRODUCTS_DIR)/MOOD.app/$(BUNDLE_EXECUTABLE_FOLDER_PATH)/MOOD";
			};
			name = Debug;
		};
		4D53D7662B31A39A0042BF59 /* Release */ = {
			isa = XCBuildConfiguration;
			buildSettings = {
				ALWAYS_EMBED_SWIFT_STANDARD_LIBRARIES = YES;
				BUNDLE_LOADER = "$(TEST_HOST)";
				CODE_SIGN_STYLE = Automatic;
				CURRENT_PROJECT_VERSION = 1;
				GENERATE_INFOPLIST_FILE = YES;
				IPHONEOS_DEPLOYMENT_TARGET = 17.2;
				MARKETING_VERSION = 1.0;
				PRODUCT_BUNDLE_IDENTIFIER = fr.theyannemmanuel.MOODTests;
				PRODUCT_NAME = "$(TARGET_NAME)";
				SWIFT_EMIT_LOC_STRINGS = NO;
				SWIFT_VERSION = 5.0;
				TARGETED_DEVICE_FAMILY = "1,2";
				TEST_HOST = "$(BUILT_PRODUCTS_DIR)/MOOD.app/$(BUNDLE_EXECUTABLE_FOLDER_PATH)/MOOD";
			};
			name = Release;
		};
		4D53D7682B31A39A0042BF59 /* Debug */ = {
			isa = XCBuildConfiguration;
			buildSettings = {
				ALWAYS_EMBED_SWIFT_STANDARD_LIBRARIES = YES;
				CODE_SIGN_STYLE = Automatic;
				CURRENT_PROJECT_VERSION = 1;
				GENERATE_INFOPLIST_FILE = YES;
				MARKETING_VERSION = 1.0;
				PRODUCT_BUNDLE_IDENTIFIER = fr.theyannemmanuel.MOODUITests;
				PRODUCT_NAME = "$(TARGET_NAME)";
				SWIFT_EMIT_LOC_STRINGS = NO;
				SWIFT_VERSION = 5.0;
				TARGETED_DEVICE_FAMILY = "1,2";
				TEST_TARGET_NAME = MOOD;
			};
			name = Debug;
		};
		4D53D7692B31A39A0042BF59 /* Release */ = {
			isa = XCBuildConfiguration;
			buildSettings = {
				ALWAYS_EMBED_SWIFT_STANDARD_LIBRARIES = YES;
				CODE_SIGN_STYLE = Automatic;
				CURRENT_PROJECT_VERSION = 1;
				GENERATE_INFOPLIST_FILE = YES;
				MARKETING_VERSION = 1.0;
				PRODUCT_BUNDLE_IDENTIFIER = fr.theyannemmanuel.MOODUITests;
				PRODUCT_NAME = "$(TARGET_NAME)";
				SWIFT_EMIT_LOC_STRINGS = NO;
				SWIFT_VERSION = 5.0;
				TARGETED_DEVICE_FAMILY = "1,2";
				TEST_TARGET_NAME = MOOD;
			};
			name = Release;
		};
/* End XCBuildConfiguration section */

/* Begin XCConfigurationList section */
		4D53D7382B31A3980042BF59 /* Build configuration list for PBXProject "MOOD" */ = {
			isa = XCConfigurationList;
			buildConfigurations = (
				4D53D75F2B31A39A0042BF59 /* Debug */,
				4D53D7602B31A39A0042BF59 /* Release */,
			);
			defaultConfigurationIsVisible = 0;
			defaultConfigurationName = Release;
		};
		4D53D7612B31A39A0042BF59 /* Build configuration list for PBXNativeTarget "MOOD" */ = {
			isa = XCConfigurationList;
			buildConfigurations = (
				4D53D7622B31A39A0042BF59 /* Debug */,
				4D53D7632B31A39A0042BF59 /* Release */,
			);
			defaultConfigurationIsVisible = 0;
			defaultConfigurationName = Release;
		};
		4D53D7642B31A39A0042BF59 /* Build configuration list for PBXNativeTarget "MOODTests" */ = {
			isa = XCConfigurationList;
			buildConfigurations = (
				4D53D7652B31A39A0042BF59 /* Debug */,
				4D53D7662B31A39A0042BF59 /* Release */,
			);
			defaultConfigurationIsVisible = 0;
			defaultConfigurationName = Release;
		};
		4D53D7672B31A39A0042BF59 /* Build configuration list for PBXNativeTarget "MOODUITests" */ = {
			isa = XCConfigurationList;
			buildConfigurations = (
				4D53D7682B31A39A0042BF59 /* Debug */,
				4D53D7692B31A39A0042BF59 /* Release */,
			);
			defaultConfigurationIsVisible = 0;
			defaultConfigurationName = Release;
		};
/* End XCConfigurationList section */
	};
	rootObject = 4D53D7352B31A3980042BF59 /* Project object */;
}
